// !$*UTF8*$!
{
	archiveVersion = 1;
	classes = {
	};
	objectVersion = 46;
	objects = {

/* Begin PBXBuildFile section */
		C61D53C119410AE900F3191A /* weather.png in Resources */ = {isa = PBXBuildFile; fileRef = C61D53C019410AE900F3191A /* weather.png */; };
		C61D53C319410EF900F3191A /* about.png in Resources */ = {isa = PBXBuildFile; fileRef = C61D53C219410EF900F3191A /* about.png */; };
		C62E32BE193FC102006FDF48 /* windyhead_landscape.png in Resources */ = {isa = PBXBuildFile; fileRef = C62E32BC193FC102006FDF48 /* windyhead_landscape.png */; };
		C62E32BF193FC102006FDF48 /* windyhead_portrait.png in Resources */ = {isa = PBXBuildFile; fileRef = C62E32BD193FC102006FDF48 /* windyhead_portrait.png */; };
		C6674472193656AA000293D4 /* Foundation.framework in Frameworks */ = {isa = PBXBuildFile; fileRef = C6674471193656AA000293D4 /* Foundation.framework */; };
		C6674474193656AA000293D4 /* CoreGraphics.framework in Frameworks */ = {isa = PBXBuildFile; fileRef = C6674473193656AA000293D4 /* CoreGraphics.framework */; };
		C6674476193656AA000293D4 /* UIKit.framework in Frameworks */ = {isa = PBXBuildFile; fileRef = C6674475193656AA000293D4 /* UIKit.framework */; };
		C667447C193656AA000293D4 /* InfoPlist.strings in Resources */ = {isa = PBXBuildFile; fileRef = C667447A193656AA000293D4 /* InfoPlist.strings */; };
		C667447E193656AA000293D4 /* main.m in Sources */ = {isa = PBXBuildFile; fileRef = C667447D193656AA000293D4 /* main.m */; };
		C6674482193656AA000293D4 /* AppDelegate.m in Sources */ = {isa = PBXBuildFile; fileRef = C6674481193656AA000293D4 /* AppDelegate.m */; };
		C6674485193656AA000293D4 /* Main.storyboard in Resources */ = {isa = PBXBuildFile; fileRef = C6674483193656AA000293D4 /* Main.storyboard */; };
		C6674488193656AA000293D4 /* FirstViewController.m in Sources */ = {isa = PBXBuildFile; fileRef = C6674487193656AA000293D4 /* FirstViewController.m */; };
		C667448B193656AA000293D4 /* SecondViewController.m in Sources */ = {isa = PBXBuildFile; fileRef = C667448A193656AA000293D4 /* SecondViewController.m */; };
		C6674494193656AA000293D4 /* XCTest.framework in Frameworks */ = {isa = PBXBuildFile; fileRef = C6674493193656AA000293D4 /* XCTest.framework */; };
		C6674495193656AA000293D4 /* Foundation.framework in Frameworks */ = {isa = PBXBuildFile; fileRef = C6674471193656AA000293D4 /* Foundation.framework */; };
		C6674496193656AA000293D4 /* UIKit.framework in Frameworks */ = {isa = PBXBuildFile; fileRef = C6674475193656AA000293D4 /* UIKit.framework */; };
		C667449E193656AA000293D4 /* InfoPlist.strings in Resources */ = {isa = PBXBuildFile; fileRef = C667449C193656AA000293D4 /* InfoPlist.strings */; };
		C66744A0193656AA000293D4 /* Windy_HeadTests.m in Sources */ = {isa = PBXBuildFile; fileRef = C667449F193656AA000293D4 /* Windy_HeadTests.m */; };
		C66744AA193656B8000293D4 /* CoreLocation.framework in Frameworks */ = {isa = PBXBuildFile; fileRef = C66744A9193656B8000293D4 /* CoreLocation.framework */; };
		C66744AC193656BE000293D4 /* CoreData.framework in Frameworks */ = {isa = PBXBuildFile; fileRef = C66744AB193656BE000293D4 /* CoreData.framework */; };
		C66744AE193656C8000293D4 /* MapKit.framework in Frameworks */ = {isa = PBXBuildFile; fileRef = C66744AD193656C8000293D4 /* MapKit.framework */; };
		C66744B119365715000293D4 /* WeatherViewController.m in Sources */ = {isa = PBXBuildFile; fileRef = C66744B019365715000293D4 /* WeatherViewController.m */; };
		C66744B919365B53000293D4 /* Images-2.xcassets in Resources */ = {isa = PBXBuildFile; fileRef = C66744B819365B53000293D4 /* Images-2.xcassets */; };
		C66744C719365C72000293D4 /* clock.png in Resources */ = {isa = PBXBuildFile; fileRef = C66744C319365C72000293D4 /* clock.png */; };
		C66744C819365C72000293D4 /* cog.png in Resources */ = {isa = PBXBuildFile; fileRef = C66744C419365C72000293D4 /* cog.png */; };
		C66744C919365C72000293D4 /* fire.png in Resources */ = {isa = PBXBuildFile; fileRef = C66744C519365C72000293D4 /* fire.png */; };
		C66744CA19365C72000293D4 /* globe.png in Resources */ = {isa = PBXBuildFile; fileRef = C66744C619365C72000293D4 /* globe.png */; };
		C66744CC193661D1000293D4 /* sun.png in Resources */ = {isa = PBXBuildFile; fileRef = C66744CB193661D1000293D4 /* sun.png */; };
		C66744EE193668C1000293D4 /* AFHTTPRequestOperation.m in Sources */ = {isa = PBXBuildFile; fileRef = C66744D4193668C1000293D4 /* AFHTTPRequestOperation.m */; };
		C66744EF193668C1000293D4 /* AFHTTPRequestOperationManager.m in Sources */ = {isa = PBXBuildFile; fileRef = C66744D6193668C1000293D4 /* AFHTTPRequestOperationManager.m */; };
		C66744F0193668C1000293D4 /* AFHTTPSessionManager.m in Sources */ = {isa = PBXBuildFile; fileRef = C66744D8193668C1000293D4 /* AFHTTPSessionManager.m */; };
		C66744F1193668C1000293D4 /* AFNetworkReachabilityManager.m in Sources */ = {isa = PBXBuildFile; fileRef = C66744DB193668C1000293D4 /* AFNetworkReachabilityManager.m */; };
		C66744F2193668C1000293D4 /* AFSecurityPolicy.m in Sources */ = {isa = PBXBuildFile; fileRef = C66744DD193668C1000293D4 /* AFSecurityPolicy.m */; };
		C66744F3193668C1000293D4 /* AFURLConnectionOperation.m in Sources */ = {isa = PBXBuildFile; fileRef = C66744DF193668C1000293D4 /* AFURLConnectionOperation.m */; };
		C66744F4193668C1000293D4 /* AFURLRequestSerialization.m in Sources */ = {isa = PBXBuildFile; fileRef = C66744E1193668C1000293D4 /* AFURLRequestSerialization.m */; };
		C66744F5193668C1000293D4 /* AFURLResponseSerialization.m in Sources */ = {isa = PBXBuildFile; fileRef = C66744E3193668C1000293D4 /* AFURLResponseSerialization.m */; };
		C66744F6193668C1000293D4 /* AFURLSessionManager.m in Sources */ = {isa = PBXBuildFile; fileRef = C66744E5193668C1000293D4 /* AFURLSessionManager.m */; };
		C66744F7193668C1000293D4 /* Forecastr+CLLocation.m in Sources */ = {isa = PBXBuildFile; fileRef = C66744E8193668C1000293D4 /* Forecastr+CLLocation.m */; };
		C66744F8193668C1000293D4 /* Forecastr.m in Sources */ = {isa = PBXBuildFile; fileRef = C66744EA193668C1000293D4 /* Forecastr.m */; };
		C66744F9193668C1000293D4 /* ForecastrAPIClient.m in Sources */ = {isa = PBXBuildFile; fileRef = C66744EC193668C1000293D4 /* ForecastrAPIClient.m */; };
		C66744FA193668C1000293D4 /* ForecastrUnits.plist in Resources */ = {isa = PBXBuildFile; fileRef = C66744ED193668C1000293D4 /* ForecastrUnits.plist */; };
		C6817D9519465FC700123544 /* weatherBackground.png in Resources */ = {isa = PBXBuildFile; fileRef = C6817D9419465FC700123544 /* weatherBackground.png */; };
		C6EFCE4E1936B455002F8831 /* clock2.png in Resources */ = {isa = PBXBuildFile; fileRef = C6EFCE4B1936B454002F8831 /* clock2.png */; };
		C6EFCE4F1936B455002F8831 /* cog2.png in Resources */ = {isa = PBXBuildFile; fileRef = C6EFCE4C1936B454002F8831 /* cog2.png */; };
		C6EFCE501936B455002F8831 /* globe2.png in Resources */ = {isa = PBXBuildFile; fileRef = C6EFCE4D1936B454002F8831 /* globe2.png */; };
/* End PBXBuildFile section */

/* Begin PBXContainerItemProxy section */
		C6674497193656AA000293D4 /* PBXContainerItemProxy */ = {
			isa = PBXContainerItemProxy;
			containerPortal = C6674466193656A9000293D4 /* Project object */;
			proxyType = 1;
			remoteGlobalIDString = C667446D193656AA000293D4;
			remoteInfo = "Windy Head";
		};
/* End PBXContainerItemProxy section */

/* Begin PBXFileReference section */
		C61D53C019410AE900F3191A /* weather.png */ = {isa = PBXFileReference; lastKnownFileType = image.png; path = weather.png; sourceTree = "<group>"; };
		C61D53C219410EF900F3191A /* about.png */ = {isa = PBXFileReference; lastKnownFileType = image.png; path = about.png; sourceTree = "<group>"; };
		C62E32BC193FC102006FDF48 /* windyhead_landscape.png */ = {isa = PBXFileReference; lastKnownFileType = image.png; path = windyhead_landscape.png; sourceTree = "<group>"; };
		C62E32BD193FC102006FDF48 /* windyhead_portrait.png */ = {isa = PBXFileReference; lastKnownFileType = image.png; path = windyhead_portrait.png; sourceTree = "<group>"; };
		C667446E193656AA000293D4 /* Windy Head.app */ = {isa = PBXFileReference; explicitFileType = wrapper.application; includeInIndex = 0; path = "Windy Head.app"; sourceTree = BUILT_PRODUCTS_DIR; };
		C6674471193656AA000293D4 /* Foundation.framework */ = {isa = PBXFileReference; lastKnownFileType = wrapper.framework; name = Foundation.framework; path = System/Library/Frameworks/Foundation.framework; sourceTree = SDKROOT; };
		C6674473193656AA000293D4 /* CoreGraphics.framework */ = {isa = PBXFileReference; lastKnownFileType = wrapper.framework; name = CoreGraphics.framework; path = System/Library/Frameworks/CoreGraphics.framework; sourceTree = SDKROOT; };
		C6674475193656AA000293D4 /* UIKit.framework */ = {isa = PBXFileReference; lastKnownFileType = wrapper.framework; name = UIKit.framework; path = System/Library/Frameworks/UIKit.framework; sourceTree = SDKROOT; };
		C6674479193656AA000293D4 /* Windy Head-Info.plist */ = {isa = PBXFileReference; lastKnownFileType = text.plist.xml; path = "Windy Head-Info.plist"; sourceTree = "<group>"; };
		C667447B193656AA000293D4 /* en */ = {isa = PBXFileReference; lastKnownFileType = text.plist.strings; name = en; path = en.lproj/InfoPlist.strings; sourceTree = "<group>"; };
		C667447D193656AA000293D4 /* main.m */ = {isa = PBXFileReference; lastKnownFileType = sourcecode.c.objc; path = main.m; sourceTree = "<group>"; };
		C667447F193656AA000293D4 /* Windy Head-Prefix.pch */ = {isa = PBXFileReference; lastKnownFileType = sourcecode.c.h; path = "Windy Head-Prefix.pch"; sourceTree = "<group>"; };
		C6674480193656AA000293D4 /* AppDelegate.h */ = {isa = PBXFileReference; lastKnownFileType = sourcecode.c.h; path = AppDelegate.h; sourceTree = "<group>"; };
		C6674481193656AA000293D4 /* AppDelegate.m */ = {isa = PBXFileReference; lastKnownFileType = sourcecode.c.objc; path = AppDelegate.m; sourceTree = "<group>"; };
		C6674484193656AA000293D4 /* Base */ = {isa = PBXFileReference; lastKnownFileType = file.storyboard; name = Base; path = Base.lproj/Main.storyboard; sourceTree = "<group>"; };
		C6674486193656AA000293D4 /* FirstViewController.h */ = {isa = PBXFileReference; lastKnownFileType = sourcecode.c.h; path = FirstViewController.h; sourceTree = "<group>"; };
		C6674487193656AA000293D4 /* FirstViewController.m */ = {isa = PBXFileReference; lastKnownFileType = sourcecode.c.objc; path = FirstViewController.m; sourceTree = "<group>"; };
		C6674489193656AA000293D4 /* SecondViewController.h */ = {isa = PBXFileReference; lastKnownFileType = sourcecode.c.h; path = SecondViewController.h; sourceTree = "<group>"; };
		C667448A193656AA000293D4 /* SecondViewController.m */ = {isa = PBXFileReference; lastKnownFileType = sourcecode.c.objc; path = SecondViewController.m; sourceTree = "<group>"; };
		C6674492193656AA000293D4 /* Windy HeadTests.xctest */ = {isa = PBXFileReference; explicitFileType = wrapper.cfbundle; includeInIndex = 0; path = "Windy HeadTests.xctest"; sourceTree = BUILT_PRODUCTS_DIR; };
		C6674493193656AA000293D4 /* XCTest.framework */ = {isa = PBXFileReference; lastKnownFileType = wrapper.framework; name = XCTest.framework; path = Library/Frameworks/XCTest.framework; sourceTree = DEVELOPER_DIR; };
		C667449B193656AA000293D4 /* Windy HeadTests-Info.plist */ = {isa = PBXFileReference; lastKnownFileType = text.plist.xml; path = "Windy HeadTests-Info.plist"; sourceTree = "<group>"; };
		C667449D193656AA000293D4 /* en */ = {isa = PBXFileReference; lastKnownFileType = text.plist.strings; name = en; path = en.lproj/InfoPlist.strings; sourceTree = "<group>"; };
		C667449F193656AA000293D4 /* Windy_HeadTests.m */ = {isa = PBXFileReference; lastKnownFileType = sourcecode.c.objc; path = Windy_HeadTests.m; sourceTree = "<group>"; };
		C66744A9193656B8000293D4 /* CoreLocation.framework */ = {isa = PBXFileReference; lastKnownFileType = wrapper.framework; name = CoreLocation.framework; path = System/Library/Frameworks/CoreLocation.framework; sourceTree = SDKROOT; };
		C66744AB193656BE000293D4 /* CoreData.framework */ = {isa = PBXFileReference; lastKnownFileType = wrapper.framework; name = CoreData.framework; path = System/Library/Frameworks/CoreData.framework; sourceTree = SDKROOT; };
		C66744AD193656C8000293D4 /* MapKit.framework */ = {isa = PBXFileReference; lastKnownFileType = wrapper.framework; name = MapKit.framework; path = System/Library/Frameworks/MapKit.framework; sourceTree = SDKROOT; };
		C66744AF19365715000293D4 /* WeatherViewController.h */ = {isa = PBXFileReference; fileEncoding = 4; lastKnownFileType = sourcecode.c.h; path = WeatherViewController.h; sourceTree = "<group>"; };
		C66744B019365715000293D4 /* WeatherViewController.m */ = {isa = PBXFileReference; fileEncoding = 4; lastKnownFileType = sourcecode.c.objc; path = WeatherViewController.m; sourceTree = "<group>"; };
		C66744B819365B53000293D4 /* Images-2.xcassets */ = {isa = PBXFileReference; lastKnownFileType = folder.assetcatalog; path = "Images-2.xcassets"; sourceTree = "<group>"; };
		C66744C319365C72000293D4 /* clock.png */ = {isa = PBXFileReference; lastKnownFileType = image.png; path = clock.png; sourceTree = "<group>"; };
		C66744C419365C72000293D4 /* cog.png */ = {isa = PBXFileReference; lastKnownFileType = image.png; path = cog.png; sourceTree = "<group>"; };
		C66744C519365C72000293D4 /* fire.png */ = {isa = PBXFileReference; lastKnownFileType = image.png; path = fire.png; sourceTree = "<group>"; };
		C66744C619365C72000293D4 /* globe.png */ = {isa = PBXFileReference; lastKnownFileType = image.png; path = globe.png; sourceTree = "<group>"; };
		C66744CB193661D1000293D4 /* sun.png */ = {isa = PBXFileReference; lastKnownFileType = image.png; path = sun.png; sourceTree = "<group>"; };
		C66744D3193668C1000293D4 /* AFHTTPRequestOperation.h */ = {isa = PBXFileReference; fileEncoding = 4; lastKnownFileType = sourcecode.c.h; path = AFHTTPRequestOperation.h; sourceTree = "<group>"; };
		C66744D4193668C1000293D4 /* AFHTTPRequestOperation.m */ = {isa = PBXFileReference; fileEncoding = 4; lastKnownFileType = sourcecode.c.objc; path = AFHTTPRequestOperation.m; sourceTree = "<group>"; };
		C66744D5193668C1000293D4 /* AFHTTPRequestOperationManager.h */ = {isa = PBXFileReference; fileEncoding = 4; lastKnownFileType = sourcecode.c.h; path = AFHTTPRequestOperationManager.h; sourceTree = "<group>"; };
		C66744D6193668C1000293D4 /* AFHTTPRequestOperationManager.m */ = {isa = PBXFileReference; fileEncoding = 4; lastKnownFileType = sourcecode.c.objc; path = AFHTTPRequestOperationManager.m; sourceTree = "<group>"; };
		C66744D7193668C1000293D4 /* AFHTTPSessionManager.h */ = {isa = PBXFileReference; fileEncoding = 4; lastKnownFileType = sourcecode.c.h; path = AFHTTPSessionManager.h; sourceTree = "<group>"; };
		C66744D8193668C1000293D4 /* AFHTTPSessionManager.m */ = {isa = PBXFileReference; fileEncoding = 4; lastKnownFileType = sourcecode.c.objc; path = AFHTTPSessionManager.m; sourceTree = "<group>"; };
		C66744D9193668C1000293D4 /* AFNetworking.h */ = {isa = PBXFileReference; fileEncoding = 4; lastKnownFileType = sourcecode.c.h; path = AFNetworking.h; sourceTree = "<group>"; };
		C66744DA193668C1000293D4 /* AFNetworkReachabilityManager.h */ = {isa = PBXFileReference; fileEncoding = 4; lastKnownFileType = sourcecode.c.h; path = AFNetworkReachabilityManager.h; sourceTree = "<group>"; };
		C66744DB193668C1000293D4 /* AFNetworkReachabilityManager.m */ = {isa = PBXFileReference; fileEncoding = 4; lastKnownFileType = sourcecode.c.objc; path = AFNetworkReachabilityManager.m; sourceTree = "<group>"; };
		C66744DC193668C1000293D4 /* AFSecurityPolicy.h */ = {isa = PBXFileReference; fileEncoding = 4; lastKnownFileType = sourcecode.c.h; path = AFSecurityPolicy.h; sourceTree = "<group>"; };
		C66744DD193668C1000293D4 /* AFSecurityPolicy.m */ = {isa = PBXFileReference; fileEncoding = 4; lastKnownFileType = sourcecode.c.objc; path = AFSecurityPolicy.m; sourceTree = "<group>"; };
		C66744DE193668C1000293D4 /* AFURLConnectionOperation.h */ = {isa = PBXFileReference; fileEncoding = 4; lastKnownFileType = sourcecode.c.h; path = AFURLConnectionOperation.h; sourceTree = "<group>"; };
		C66744DF193668C1000293D4 /* AFURLConnectionOperation.m */ = {isa = PBXFileReference; fileEncoding = 4; lastKnownFileType = sourcecode.c.objc; path = AFURLConnectionOperation.m; sourceTree = "<group>"; };
		C66744E0193668C1000293D4 /* AFURLRequestSerialization.h */ = {isa = PBXFileReference; fileEncoding = 4; lastKnownFileType = sourcecode.c.h; path = AFURLRequestSerialization.h; sourceTree = "<group>"; };
		C66744E1193668C1000293D4 /* AFURLRequestSerialization.m */ = {isa = PBXFileReference; fileEncoding = 4; lastKnownFileType = sourcecode.c.objc; path = AFURLRequestSerialization.m; sourceTree = "<group>"; };
		C66744E2193668C1000293D4 /* AFURLResponseSerialization.h */ = {isa = PBXFileReference; fileEncoding = 4; lastKnownFileType = sourcecode.c.h; path = AFURLResponseSerialization.h; sourceTree = "<group>"; };
		C66744E3193668C1000293D4 /* AFURLResponseSerialization.m */ = {isa = PBXFileReference; fileEncoding = 4; lastKnownFileType = sourcecode.c.objc; path = AFURLResponseSerialization.m; sourceTree = "<group>"; };
		C66744E4193668C1000293D4 /* AFURLSessionManager.h */ = {isa = PBXFileReference; fileEncoding = 4; lastKnownFileType = sourcecode.c.h; path = AFURLSessionManager.h; sourceTree = "<group>"; };
		C66744E5193668C1000293D4 /* AFURLSessionManager.m */ = {isa = PBXFileReference; fileEncoding = 4; lastKnownFileType = sourcecode.c.objc; path = AFURLSessionManager.m; sourceTree = "<group>"; };
		C66744E7193668C1000293D4 /* Forecastr+CLLocation.h */ = {isa = PBXFileReference; fileEncoding = 4; lastKnownFileType = sourcecode.c.h; path = "Forecastr+CLLocation.h"; sourceTree = "<group>"; };
		C66744E8193668C1000293D4 /* Forecastr+CLLocation.m */ = {isa = PBXFileReference; fileEncoding = 4; lastKnownFileType = sourcecode.c.objc; path = "Forecastr+CLLocation.m"; sourceTree = "<group>"; };
		C66744E9193668C1000293D4 /* Forecastr.h */ = {isa = PBXFileReference; fileEncoding = 4; lastKnownFileType = sourcecode.c.h; path = Forecastr.h; sourceTree = "<group>"; };
		C66744EA193668C1000293D4 /* Forecastr.m */ = {isa = PBXFileReference; fileEncoding = 4; lastKnownFileType = sourcecode.c.objc; path = Forecastr.m; sourceTree = "<group>"; };
		C66744EB193668C1000293D4 /* ForecastrAPIClient.h */ = {isa = PBXFileReference; fileEncoding = 4; lastKnownFileType = sourcecode.c.h; path = ForecastrAPIClient.h; sourceTree = "<group>"; };
		C66744EC193668C1000293D4 /* ForecastrAPIClient.m */ = {isa = PBXFileReference; fileEncoding = 4; lastKnownFileType = sourcecode.c.objc; path = ForecastrAPIClient.m; sourceTree = "<group>"; };
		C66744ED193668C1000293D4 /* ForecastrUnits.plist */ = {isa = PBXFileReference; fileEncoding = 4; lastKnownFileType = text.plist.xml; path = ForecastrUnits.plist; sourceTree = "<group>"; };
		C6817D9419465FC700123544 /* weatherBackground.png */ = {isa = PBXFileReference; lastKnownFileType = image.png; path = weatherBackground.png; sourceTree = "<group>"; };
		C6EFCE4B1936B454002F8831 /* clock2.png */ = {isa = PBXFileReference; lastKnownFileType = image.png; path = clock2.png; sourceTree = "<group>"; };
		C6EFCE4C1936B454002F8831 /* cog2.png */ = {isa = PBXFileReference; lastKnownFileType = image.png; path = cog2.png; sourceTree = "<group>"; };
		C6EFCE4D1936B454002F8831 /* globe2.png */ = {isa = PBXFileReference; lastKnownFileType = image.png; path = globe2.png; sourceTree = "<group>"; };
/* End PBXFileReference section */

/* Begin PBXFrameworksBuildPhase section */
		C667446B193656AA000293D4 /* Frameworks */ = {
			isa = PBXFrameworksBuildPhase;
			buildActionMask = 2147483647;
			files = (
				C66744AE193656C8000293D4 /* MapKit.framework in Frameworks */,
				C66744AC193656BE000293D4 /* CoreData.framework in Frameworks */,
				C66744AA193656B8000293D4 /* CoreLocation.framework in Frameworks */,
				C6674474193656AA000293D4 /* CoreGraphics.framework in Frameworks */,
				C6674476193656AA000293D4 /* UIKit.framework in Frameworks */,
				C6674472193656AA000293D4 /* Foundation.framework in Frameworks */,
			);
			runOnlyForDeploymentPostprocessing = 0;
		};
		C667448F193656AA000293D4 /* Frameworks */ = {
			isa = PBXFrameworksBuildPhase;
			buildActionMask = 2147483647;
			files = (
				C6674494193656AA000293D4 /* XCTest.framework in Frameworks */,
				C6674496193656AA000293D4 /* UIKit.framework in Frameworks */,
				C6674495193656AA000293D4 /* Foundation.framework in Frameworks */,
			);
			runOnlyForDeploymentPostprocessing = 0;
		};
/* End PBXFrameworksBuildPhase section */

/* Begin PBXGroup section */
		C61D53C719411FCA00F3191A /* Launch Images */ = {
			isa = PBXGroup;
			children = (
				C6817D9419465FC700123544 /* weatherBackground.png */,
				C62E32BC193FC102006FDF48 /* windyhead_landscape.png */,
				C62E32BD193FC102006FDF48 /* windyhead_portrait.png */,
			);
			name = "Launch Images";
			sourceTree = "<group>";
		};
		C61D53C819411FDD00F3191A /* Icons */ = {
			isa = PBXGroup;
			children = (
				C61D53C019410AE900F3191A /* weather.png */,
				C6EFCE4B1936B454002F8831 /* clock2.png */,
				C6EFCE4C1936B454002F8831 /* cog2.png */,
				C6EFCE4D1936B454002F8831 /* globe2.png */,
				C66744CB193661D1000293D4 /* sun.png */,
				C66744C319365C72000293D4 /* clock.png */,
				C66744C419365C72000293D4 /* cog.png */,
				C66744C519365C72000293D4 /* fire.png */,
				C66744C619365C72000293D4 /* globe.png */,
			);
			name = Icons;
			sourceTree = "<group>";
		};
		C61D53C919411FE800F3191A /* Misc */ = {
			isa = PBXGroup;
			children = (
				C61D53C219410EF900F3191A /* about.png */,
			);
			name = Misc;
			sourceTree = "<group>";
		};
		C6674465193656A9000293D4 = {
			isa = PBXGroup;
			children = (
				C6674477193656AA000293D4 /* Windy Head */,
				C6674499193656AA000293D4 /* Windy HeadTests */,
				C6674470193656AA000293D4 /* Frameworks */,
				C667446F193656AA000293D4 /* Products */,
			);
			sourceTree = "<group>";
		};
		C667446F193656AA000293D4 /* Products */ = {
			isa = PBXGroup;
			children = (
				C667446E193656AA000293D4 /* Windy Head.app */,
				C6674492193656AA000293D4 /* Windy HeadTests.xctest */,
			);
			name = Products;
			sourceTree = "<group>";
		};
		C6674470193656AA000293D4 /* Frameworks */ = {
			isa = PBXGroup;
			children = (
				C66744CD19366363000293D4 /* Forecastr API */,
				C66744AD193656C8000293D4 /* MapKit.framework */,
				C66744AB193656BE000293D4 /* CoreData.framework */,
				C66744A9193656B8000293D4 /* CoreLocation.framework */,
				C6674471193656AA000293D4 /* Foundation.framework */,
				C6674473193656AA000293D4 /* CoreGraphics.framework */,
				C6674475193656AA000293D4 /* UIKit.framework */,
				C6674493193656AA000293D4 /* XCTest.framework */,
			);
			name = Frameworks;
			sourceTree = "<group>";
		};
		C6674477193656AA000293D4 /* Windy Head */ = {
			isa = PBXGroup;
			children = (
				C66744BA19365BA6000293D4 /* Assets */,
				C6674483193656AA000293D4 /* Main.storyboard */,
				C6674480193656AA000293D4 /* AppDelegate.h */,
				C6674481193656AA000293D4 /* AppDelegate.m */,
				C66744AF19365715000293D4 /* WeatherViewController.h */,
				C66744B019365715000293D4 /* WeatherViewController.m */,
				C6674486193656AA000293D4 /* FirstViewController.h */,
				C6674487193656AA000293D4 /* FirstViewController.m */,
				C6674489193656AA000293D4 /* SecondViewController.h */,
				C667448A193656AA000293D4 /* SecondViewController.m */,
				C66744B819365B53000293D4 /* Images-2.xcassets */,
				C6674478193656AA000293D4 /* Supporting Files */,
			);
			path = "Windy Head";
			sourceTree = "<group>";
		};
		C6674478193656AA000293D4 /* Supporting Files */ = {
			isa = PBXGroup;
			children = (
				C6674479193656AA000293D4 /* Windy Head-Info.plist */,
				C667447A193656AA000293D4 /* InfoPlist.strings */,
				C667447D193656AA000293D4 /* main.m */,
				C667447F193656AA000293D4 /* Windy Head-Prefix.pch */,
			);
			name = "Supporting Files";
			sourceTree = "<group>";
		};
		C6674499193656AA000293D4 /* Windy HeadTests */ = {
			isa = PBXGroup;
			children = (
				C667449F193656AA000293D4 /* Windy_HeadTests.m */,
				C667449A193656AA000293D4 /* Supporting Files */,
			);
			path = "Windy HeadTests";
			sourceTree = "<group>";
		};
		C667449A193656AA000293D4 /* Supporting Files */ = {
			isa = PBXGroup;
			children = (
				C667449B193656AA000293D4 /* Windy HeadTests-Info.plist */,
				C667449C193656AA000293D4 /* InfoPlist.strings */,
			);
			name = "Supporting Files";
			sourceTree = "<group>";
		};
		C66744BA19365BA6000293D4 /* Assets */ = {
			isa = PBXGroup;
			children = (
				C61D53C919411FE800F3191A /* Misc */,
				C61D53C719411FCA00F3191A /* Launch Images */,
				C61D53C819411FDD00F3191A /* Icons */,
			);
			name = Assets;
			sourceTree = "<group>";
		};
		C66744CD19366363000293D4 /* Forecastr API */ = {
			isa = PBXGroup;
			children = (
				C66744D2193668C1000293D4 /* AFNetworking */,
				C66744E6193668C1000293D4 /* Forecastr */,
			);
			name = "Forecastr API";
			sourceTree = "<group>";
		};
		C66744D2193668C1000293D4 /* AFNetworking */ = {
			isa = PBXGroup;
			children = (
				C66744D3193668C1000293D4 /* AFHTTPRequestOperation.h */,
				C66744D4193668C1000293D4 /* AFHTTPRequestOperation.m */,
				C66744D5193668C1000293D4 /* AFHTTPRequestOperationManager.h */,
				C66744D6193668C1000293D4 /* AFHTTPRequestOperationManager.m */,
				C66744D7193668C1000293D4 /* AFHTTPSessionManager.h */,
				C66744D8193668C1000293D4 /* AFHTTPSessionManager.m */,
				C66744D9193668C1000293D4 /* AFNetworking.h */,
				C66744DA193668C1000293D4 /* AFNetworkReachabilityManager.h */,
				C66744DB193668C1000293D4 /* AFNetworkReachabilityManager.m */,
				C66744DC193668C1000293D4 /* AFSecurityPolicy.h */,
				C66744DD193668C1000293D4 /* AFSecurityPolicy.m */,
				C66744DE193668C1000293D4 /* AFURLConnectionOperation.h */,
				C66744DF193668C1000293D4 /* AFURLConnectionOperation.m */,
				C66744E0193668C1000293D4 /* AFURLRequestSerialization.h */,
				C66744E1193668C1000293D4 /* AFURLRequestSerialization.m */,
				C66744E2193668C1000293D4 /* AFURLResponseSerialization.h */,
				C66744E3193668C1000293D4 /* AFURLResponseSerialization.m */,
				C66744E4193668C1000293D4 /* AFURLSessionManager.h */,
				C66744E5193668C1000293D4 /* AFURLSessionManager.m */,
			);
			path = AFNetworking;
			sourceTree = "<group>";
		};
		C66744E6193668C1000293D4 /* Forecastr */ = {
			isa = PBXGroup;
			children = (
				C66744E7193668C1000293D4 /* Forecastr+CLLocation.h */,
				C66744E8193668C1000293D4 /* Forecastr+CLLocation.m */,
				C66744E9193668C1000293D4 /* Forecastr.h */,
				C66744EA193668C1000293D4 /* Forecastr.m */,
				C66744EB193668C1000293D4 /* ForecastrAPIClient.h */,
				C66744EC193668C1000293D4 /* ForecastrAPIClient.m */,
				C66744ED193668C1000293D4 /* ForecastrUnits.plist */,
			);
			path = Forecastr;
			sourceTree = "<group>";
		};
/* End PBXGroup section */

/* Begin PBXNativeTarget section */
		C667446D193656AA000293D4 /* Windy Head */ = {
			isa = PBXNativeTarget;
			buildConfigurationList = C66744A3193656AA000293D4 /* Build configuration list for PBXNativeTarget "Windy Head" */;
			buildPhases = (
				C667446A193656AA000293D4 /* Sources */,
				C667446B193656AA000293D4 /* Frameworks */,
				C667446C193656AA000293D4 /* Resources */,
			);
			buildRules = (
			);
			dependencies = (
			);
			name = "Windy Head";
			productName = "Windy Head";
			productReference = C667446E193656AA000293D4 /* Windy Head.app */;
			productType = "com.apple.product-type.application";
		};
		C6674491193656AA000293D4 /* Windy HeadTests */ = {
			isa = PBXNativeTarget;
			buildConfigurationList = C66744A6193656AA000293D4 /* Build configuration list for PBXNativeTarget "Windy HeadTests" */;
			buildPhases = (
				C667448E193656AA000293D4 /* Sources */,
				C667448F193656AA000293D4 /* Frameworks */,
				C6674490193656AA000293D4 /* Resources */,
			);
			buildRules = (
			);
			dependencies = (
				C6674498193656AA000293D4 /* PBXTargetDependency */,
			);
			name = "Windy HeadTests";
			productName = "Windy HeadTests";
			productReference = C6674492193656AA000293D4 /* Windy HeadTests.xctest */;
			productType = "com.apple.product-type.bundle.unit-test";
		};
/* End PBXNativeTarget section */

/* Begin PBXProject section */
		C6674466193656A9000293D4 /* Project object */ = {
			isa = PBXProject;
			attributes = {
				LastUpgradeCheck = 0510;
				ORGANIZATIONNAME = "ISCTE-IUL";
				TargetAttributes = {
					C667446D193656AA000293D4 = {
						DevelopmentTeam = C8GUD5SH97;
					};
					C6674491193656AA000293D4 = {
						TestTargetID = C667446D193656AA000293D4;
					};
				};
			};
			buildConfigurationList = C6674469193656A9000293D4 /* Build configuration list for PBXProject "Windy Head" */;
			compatibilityVersion = "Xcode 3.2";
			developmentRegion = English;
			hasScannedForEncodings = 0;
			knownRegions = (
				en,
				Base,
			);
			mainGroup = C6674465193656A9000293D4;
			productRefGroup = C667446F193656AA000293D4 /* Products */;
			projectDirPath = "";
			projectRoot = "";
			targets = (
				C667446D193656AA000293D4 /* Windy Head */,
				C6674491193656AA000293D4 /* Windy HeadTests */,
			);
		};
/* End PBXProject section */

/* Begin PBXResourcesBuildPhase section */
		C667446C193656AA000293D4 /* Resources */ = {
			isa = PBXResourcesBuildPhase;
			buildActionMask = 2147483647;
			files = (
				C66744CC193661D1000293D4 /* sun.png in Resources */,
				C66744C819365C72000293D4 /* cog.png in Resources */,
				C66744CA19365C72000293D4 /* globe.png in Resources */,
				C66744C719365C72000293D4 /* clock.png in Resources */,
				C66744B919365B53000293D4 /* Images-2.xcassets in Resources */,
				C61D53C319410EF900F3191A /* about.png in Resources */,
				C6EFCE4F1936B455002F8831 /* cog2.png in Resources */,
				C6EFCE501936B455002F8831 /* globe2.png in Resources */,
				C6EFCE4E1936B455002F8831 /* clock2.png in Resources */,
				C62E32BE193FC102006FDF48 /* windyhead_landscape.png in Resources */,
				C667447C193656AA000293D4 /* InfoPlist.strings in Resources */,
				C6674485193656AA000293D4 /* Main.storyboard in Resources */,
				C66744C919365C72000293D4 /* fire.png in Resources */,
				C66744FA193668C1000293D4 /* ForecastrUnits.plist in Resources */,
				C6817D9519465FC700123544 /* weatherBackground.png in Resources */,
				C61D53C119410AE900F3191A /* weather.png in Resources */,
				C62E32BF193FC102006FDF48 /* windyhead_portrait.png in Resources */,
			);
			runOnlyForDeploymentPostprocessing = 0;
		};
		C6674490193656AA000293D4 /* Resources */ = {
			isa = PBXResourcesBuildPhase;
			buildActionMask = 2147483647;
			files = (
				C667449E193656AA000293D4 /* InfoPlist.strings in Resources */,
			);
			runOnlyForDeploymentPostprocessing = 0;
		};
/* End PBXResourcesBuildPhase section */

/* Begin PBXSourcesBuildPhase section */
		C667446A193656AA000293D4 /* Sources */ = {
			isa = PBXSourcesBuildPhase;
			buildActionMask = 2147483647;
			files = (
				C66744F6193668C1000293D4 /* AFURLSessionManager.m in Sources */,
				C667448B193656AA000293D4 /* SecondViewController.m in Sources */,
				C6674482193656AA000293D4 /* AppDelegate.m in Sources */,
				C66744F1193668C1000293D4 /* AFNetworkReachabilityManager.m in Sources */,
				C6674488193656AA000293D4 /* FirstViewController.m in Sources */,
				C66744F3193668C1000293D4 /* AFURLConnectionOperation.m in Sources */,
				C66744F8193668C1000293D4 /* Forecastr.m in Sources */,
				C66744F0193668C1000293D4 /* AFHTTPSessionManager.m in Sources */,
				C66744F4193668C1000293D4 /* AFURLRequestSerialization.m in Sources */,
				C66744B119365715000293D4 /* WeatherViewController.m in Sources */,
				C667447E193656AA000293D4 /* main.m in Sources */,
				C66744EF193668C1000293D4 /* AFHTTPRequestOperationManager.m in Sources */,
				C66744F2193668C1000293D4 /* AFSecurityPolicy.m in Sources */,
				C66744F7193668C1000293D4 /* Forecastr+CLLocation.m in Sources */,
				C66744F5193668C1000293D4 /* AFURLResponseSerialization.m in Sources */,
				C66744EE193668C1000293D4 /* AFHTTPRequestOperation.m in Sources */,
				C66744F9193668C1000293D4 /* ForecastrAPIClient.m in Sources */,
			);
			runOnlyForDeploymentPostprocessing = 0;
		};
		C667448E193656AA000293D4 /* Sources */ = {
			isa = PBXSourcesBuildPhase;
			buildActionMask = 2147483647;
			files = (
				C66744A0193656AA000293D4 /* Windy_HeadTests.m in Sources */,
			);
			runOnlyForDeploymentPostprocessing = 0;
		};
/* End PBXSourcesBuildPhase section */

/* Begin PBXTargetDependency section */
		C6674498193656AA000293D4 /* PBXTargetDependency */ = {
			isa = PBXTargetDependency;
			target = C667446D193656AA000293D4 /* Windy Head */;
			targetProxy = C6674497193656AA000293D4 /* PBXContainerItemProxy */;
		};
/* End PBXTargetDependency section */

/* Begin PBXVariantGroup section */
		C667447A193656AA000293D4 /* InfoPlist.strings */ = {
			isa = PBXVariantGroup;
			children = (
				C667447B193656AA000293D4 /* en */,
			);
			name = InfoPlist.strings;
			sourceTree = "<group>";
		};
		C6674483193656AA000293D4 /* Main.storyboard */ = {
			isa = PBXVariantGroup;
			children = (
				C6674484193656AA000293D4 /* Base */,
			);
			name = Main.storyboard;
			sourceTree = "<group>";
		};
		C667449C193656AA000293D4 /* InfoPlist.strings */ = {
			isa = PBXVariantGroup;
			children = (
				C667449D193656AA000293D4 /* en */,
			);
			name = InfoPlist.strings;
			sourceTree = "<group>";
		};
/* End PBXVariantGroup section */

/* Begin XCBuildConfiguration section */
		C66744A1193656AA000293D4 /* Debug */ = {
			isa = XCBuildConfiguration;
			buildSettings = {
				ALWAYS_SEARCH_USER_PATHS = NO;
				CLANG_CXX_LANGUAGE_STANDARD = "gnu++0x";
				CLANG_CXX_LIBRARY = "libc++";
				CLANG_ENABLE_MODULES = YES;
				CLANG_ENABLE_OBJC_ARC = YES;
				CLANG_WARN_BOOL_CONVERSION = YES;
				CLANG_WARN_CONSTANT_CONVERSION = YES;
				CLANG_WARN_DIRECT_OBJC_ISA_USAGE = YES_ERROR;
				CLANG_WARN_EMPTY_BODY = YES;
				CLANG_WARN_ENUM_CONVERSION = YES;
				CLANG_WARN_INT_CONVERSION = YES;
				CLANG_WARN_OBJC_ROOT_CLASS = YES_ERROR;
				CLANG_WARN__DUPLICATE_METHOD_MATCH = YES;
				"CODE_SIGN_IDENTITY[sdk=iphoneos*]" = "iPhone Developer";
				COPY_PHASE_STRIP = NO;
				GCC_C_LANGUAGE_STANDARD = gnu99;
				GCC_DYNAMIC_NO_PIC = NO;
				GCC_OPTIMIZATION_LEVEL = 0;
				GCC_PREPROCESSOR_DEFINITIONS = (
					"DEBUG=1",
					"$(inherited)",
				);
				GCC_SYMBOLS_PRIVATE_EXTERN = NO;
				GCC_WARN_64_TO_32_BIT_CONVERSION = YES;
				GCC_WARN_ABOUT_RETURN_TYPE = YES_ERROR;
				GCC_WARN_UNDECLARED_SELECTOR = YES;
				GCC_WARN_UNINITIALIZED_AUTOS = YES_AGGRESSIVE;
				GCC_WARN_UNUSED_FUNCTION = YES;
				GCC_WARN_UNUSED_VARIABLE = YES;
				IPHONEOS_DEPLOYMENT_TARGET = 7.1;
				ONLY_ACTIVE_ARCH = YES;
				SDKROOT = iphoneos;
				TARGETED_DEVICE_FAMILY = 2;
			};
			name = Debug;
		};
		C66744A2193656AA000293D4 /* Release */ = {
			isa = XCBuildConfiguration;
			buildSettings = {
				ALWAYS_SEARCH_USER_PATHS = NO;
				CLANG_CXX_LANGUAGE_STANDARD = "gnu++0x";
				CLANG_CXX_LIBRARY = "libc++";
				CLANG_ENABLE_MODULES = YES;
				CLANG_ENABLE_OBJC_ARC = YES;
				CLANG_WARN_BOOL_CONVERSION = YES;
				CLANG_WARN_CONSTANT_CONVERSION = YES;
				CLANG_WARN_DIRECT_OBJC_ISA_USAGE = YES_ERROR;
				CLANG_WARN_EMPTY_BODY = YES;
				CLANG_WARN_ENUM_CONVERSION = YES;
				CLANG_WARN_INT_CONVERSION = YES;
				CLANG_WARN_OBJC_ROOT_CLASS = YES_ERROR;
				CLANG_WARN__DUPLICATE_METHOD_MATCH = YES;
				"CODE_SIGN_IDENTITY[sdk=iphoneos*]" = "iPhone Developer";
				COPY_PHASE_STRIP = YES;
				ENABLE_NS_ASSERTIONS = NO;
				GCC_C_LANGUAGE_STANDARD = gnu99;
				GCC_WARN_64_TO_32_BIT_CONVERSION = YES;
				GCC_WARN_ABOUT_RETURN_TYPE = YES_ERROR;
				GCC_WARN_UNDECLARED_SELECTOR = YES;
				GCC_WARN_UNINITIALIZED_AUTOS = YES_AGGRESSIVE;
				GCC_WARN_UNUSED_FUNCTION = YES;
				GCC_WARN_UNUSED_VARIABLE = YES;
				IPHONEOS_DEPLOYMENT_TARGET = 7.1;
				SDKROOT = iphoneos;
				TARGETED_DEVICE_FAMILY = 2;
				VALIDATE_PRODUCT = YES;
			};
			name = Release;
		};
		C66744A4193656AA000293D4 /* Debug */ = {
			isa = XCBuildConfiguration;
			buildSettings = {
				ALWAYS_SEARCH_USER_PATHS = YES;
				ASSETCATALOG_COMPILER_APPICON_NAME = AppIcon;
				CODE_SIGN_IDENTITY = "iPhone Developer";
				COMPRESS_PNG_FILES = YES;
				GCC_PRECOMPILE_PREFIX_HEADER = YES;
				GCC_PREFIX_HEADER = "Windy Head/Windy Head-Prefix.pch";
				INFOPLIST_FILE = "Windy Head/Windy Head-Info.plist";
				IPHONEOS_DEPLOYMENT_TARGET = 7.1;
				PRODUCT_NAME = "$(TARGET_NAME)";
				SCAN_ALL_SOURCE_FILES_FOR_INCLUDES = YES;
				TARGETED_DEVICE_FAMILY = 2;
				USER_HEADER_SEARCH_PATHS = "/Users/vascopatricio/Desktop/DAAM/Windy Head/AFNetworking/** /Users/vascopatricio/Desktop/DAAM/Windy Head/Forecastr";
				WRAPPER_EXTENSION = app;
			};
			name = Debug;
		};
		C66744A5193656AA000293D4 /* Release */ = {
			isa = XCBuildConfiguration;
			buildSettings = {
				ALWAYS_SEARCH_USER_PATHS = YES;
				ASSETCATALOG_COMPILER_APPICON_NAME = AppIcon;
				CODE_SIGN_IDENTITY = "iPhone Developer";
				COMPRESS_PNG_FILES = YES;
				GCC_PRECOMPILE_PREFIX_HEADER = YES;
				GCC_PREFIX_HEADER = "Windy Head/Windy Head-Prefix.pch";
				INFOPLIST_FILE = "Windy Head/Windy Head-Info.plist";
				IPHONEOS_DEPLOYMENT_TARGET = 7.1;
				PRODUCT_NAME = "$(TARGET_NAME)";
				SCAN_ALL_SOURCE_FILES_FOR_INCLUDES = YES;
				TARGETED_DEVICE_FAMILY = 2;
				USER_HEADER_SEARCH_PATHS = "/Users/vascopatricio/Desktop/DAAM/Windy Head/AFNetworking/** /Users/vascopatricio/Desktop/DAAM/Windy Head/Forecastr";
				WRAPPER_EXTENSION = app;
			};
			name = Release;
		};
		C66744A7193656AA000293D4 /* Debug */ = {
			isa = XCBuildConfiguration;
			buildSettings = {
				BUNDLE_LOADER = "$(BUILT_PRODUCTS_DIR)/Windy Head.app/Windy Head";
				FRAMEWORK_SEARCH_PATHS = (
					"$(SDKROOT)/Developer/Library/Frameworks",
					"$(inherited)",
					"$(DEVELOPER_FRAMEWORKS_DIR)",
				);
				GCC_PRECOMPILE_PREFIX_HEADER = YES;
				GCC_PREFIX_HEADER = "Windy Head/Windy Head-Prefix.pch";
				GCC_PREPROCESSOR_DEFINITIONS = (
					"DEBUG=1",
					"$(inherited)",
				);
				INFOPLIST_FILE = "Windy HeadTests/Windy HeadTests-Info.plist";
				PRODUCT_NAME = "$(TARGET_NAME)";
				TEST_HOST = "$(BUNDLE_LOADER)";
				WRAPPER_EXTENSION = xctest;
			};
			name = Debug;
		};
		C66744A8193656AA000293D4 /* Release */ = {
			isa = XCBuildConfiguration;
			buildSettings = {
				BUNDLE_LOADER = "$(BUILT_PRODUCTS_DIR)/Windy Head.app/Windy Head";
				FRAMEWORK_SEARCH_PATHS = (
					"$(SDKROOT)/Developer/Library/Frameworks",
					"$(inherited)",
					"$(DEVELOPER_FRAMEWORKS_DIR)",
				);
				GCC_PRECOMPILE_PREFIX_HEADER = YES;
				GCC_PREFIX_HEADER = "Windy Head/Windy Head-Prefix.pch";
				INFOPLIST_FILE = "Windy HeadTests/Windy HeadTests-Info.plist";
				PRODUCT_NAME = "$(TARGET_NAME)";
				TEST_HOST = "$(BUNDLE_LOADER)";
				WRAPPER_EXTENSION = xctest;
			};
			name = Release;
		};
/* End XCBuildConfiguration section */

/* Begin XCConfigurationList section */
		C6674469193656A9000293D4 /* Build configuration list for PBXProject "Windy Head" */ = {
			isa = XCConfigurationList;
			buildConfigurations = (
				C66744A1193656AA000293D4 /* Debug */,
				C66744A2193656AA000293D4 /* Release */,
			);
			defaultConfigurationIsVisible = 0;
			defaultConfigurationName = Release;
		};
		C66744A3193656AA000293D4 /* Build configuration list for PBXNativeTarget "Windy Head" */ = {
			isa = XCConfigurationList;
			buildConfigurations = (
				C66744A4193656AA000293D4 /* Debug */,
				C66744A5193656AA000293D4 /* Release */,
			);
			defaultConfigurationIsVisible = 0;
			defaultConfigurationName = Release;
		};
		C66744A6193656AA000293D4 /* Build configuration list for PBXNativeTarget "Windy HeadTests" */ = {
			isa = XCConfigurationList;
			buildConfigurations = (
				C66744A7193656AA000293D4 /* Debug */,
				C66744A8193656AA000293D4 /* Release */,
			);
			defaultConfigurationIsVisible = 0;
			defaultConfigurationName = Release;
		};
/* End XCConfigurationList section */
	};
	rootObject = C6674466193656A9000293D4 /* Project object */;
}
