// !$*UTF8*$!
{
	archiveVersion = 1;
	classes = {
	};
	objectVersion = 46;
	objects = {

/* Begin PBXBuildFile section */
		C6674472193656AA000293D4 /* Foundation.framework in Frameworks */ = {isa = PBXBuildFile; fileRef = C6674471193656AA000293D4 /* Foundation.framework */; };
		C6674474193656AA000293D4 /* CoreGraphics.framework in Frameworks */ = {isa = PBXBuildFile; fileRef = C6674473193656AA000293D4 /* CoreGraphics.framework */; };
		C6674476193656AA000293D4 /* UIKit.framework in Frameworks */ = {isa = PBXBuildFile; fileRef = C6674475193656AA000293D4 /* UIKit.framework */; };
		C667447C193656AA000293D4 /* InfoPlist.strings in Resources */ = {isa = PBXBuildFile; fileRef = C667447A193656AA000293D4 /* InfoPlist.strings */; };
		C667447E193656AA000293D4 /* main.m in Sources */ = {isa = PBXBuildFile; fileRef = C667447D193656AA000293D4 /* main.m */; };
		C6674482193656AA000293D4 /* AppDelegate.m in Sources */ = {isa = PBXBuildFile; fileRef = C6674481193656AA000293D4 /* AppDelegate.m */; };
		C6674485193656AA000293D4 /* Main.storyboard in Resources */ = {isa = PBXBuildFile; fileRef = C6674483193656AA000293D4 /* Main.storyboard */; };
		C6674488193656AA000293D4 /* FirstViewController.m in Sources */ = {isa = PBXBuildFile; fileRef = C6674487193656AA000293D4 /* FirstViewController.m */; };
		C667448B193656AA000293D4 /* SecondViewController.m in Sources */ = {isa = PBXBuildFile; fileRef = C667448A193656AA000293D4 /* SecondViewController.m */; };
		C667448D193656AA000293D4 /* Images.xcassets in Resources */ = {isa = PBXBuildFile; fileRef = C667448C193656AA000293D4 /* Images.xcassets */; };
		C6674494193656AA000293D4 /* XCTest.framework in Frameworks */ = {isa = PBXBuildFile; fileRef = C6674493193656AA000293D4 /* XCTest.framework */; };
		C6674495193656AA000293D4 /* Foundation.framework in Frameworks */ = {isa = PBXBuildFile; fileRef = C6674471193656AA000293D4 /* Foundation.framework */; };
		C6674496193656AA000293D4 /* UIKit.framework in Frameworks */ = {isa = PBXBuildFile; fileRef = C6674475193656AA000293D4 /* UIKit.framework */; };
		C667449E193656AA000293D4 /* InfoPlist.strings in Resources */ = {isa = PBXBuildFile; fileRef = C667449C193656AA000293D4 /* InfoPlist.strings */; };
		C66744A0193656AA000293D4 /* Windy_HeadTests.m in Sources */ = {isa = PBXBuildFile; fileRef = C667449F193656AA000293D4 /* Windy_HeadTests.m */; };
/* End PBXBuildFile section */

/* Begin PBXContainerItemProxy section */
		C6674497193656AA000293D4 /* PBXContainerItemProxy */ = {
			isa = PBXContainerItemProxy;
			containerPortal = C6674466193656A9000293D4 /* Project object */;
			proxyType = 1;
			remoteGlobalIDString = C667446D193656AA000293D4;
			remoteInfo = "Windy Head";
		};
/* End PBXContainerItemProxy section */

/* Begin PBXFileReference section */
		C667446E193656AA000293D4 /* Windy Head.app */ = {isa = PBXFileReference; explicitFileType = wrapper.application; includeInIndex = 0; path = "Windy Head.app"; sourceTree = BUILT_PRODUCTS_DIR; };
		C6674471193656AA000293D4 /* Foundation.framework */ = {isa = PBXFileReference; lastKnownFileType = wrapper.framework; name = Foundation.framework; path = System/Library/Frameworks/Foundation.framework; sourceTree = SDKROOT; };
		C6674473193656AA000293D4 /* CoreGraphics.framework */ = {isa = PBXFileReference; lastKnownFileType = wrapper.framework; name = CoreGraphics.framework; path = System/Library/Frameworks/CoreGraphics.framework; sourceTree = SDKROOT; };
		C6674475193656AA000293D4 /* UIKit.framework */ = {isa = PBXFileReference; lastKnownFileType = wrapper.framework; name = UIKit.framework; path = System/Library/Frameworks/UIKit.framework; sourceTree = SDKROOT; };
		C6674479193656AA000293D4 /* Windy Head-Info.plist */ = {isa = PBXFileReference; lastKnownFileType = text.plist.xml; path = "Windy Head-Info.plist"; sourceTree = "<group>"; };
		C667447B193656AA000293D4 /* en */ = {isa = PBXFileReference; lastKnownFileType = text.plist.strings; name = en; path = en.lproj/InfoPlist.strings; sourceTree = "<group>"; };
		C667447D193656AA000293D4 /* main.m */ = {isa = PBXFileReference; lastKnownFileType = sourcecode.c.objc; path = main.m; sourceTree = "<group>"; };
		C667447F193656AA000293D4 /* Windy Head-Prefix.pch */ = {isa = PBXFileReference; lastKnownFileType = sourcecode.c.h; path = "Windy Head-Prefix.pch"; sourceTree = "<group>"; };
		C6674480193656AA000293D4 /* AppDelegate.h */ = {isa = PBXFileReference; lastKnownFileType = sourcecode.c.h; path = AppDelegate.h; sourceTree = "<group>"; };
		C6674481193656AA000293D4 /* AppDelegate.m */ = {isa = PBXFileReference; lastKnownFileType = sourcecode.c.objc; path = AppDelegate.m; sourceTree = "<group>"; };
		C6674484193656AA000293D4 /* Base */ = {isa = PBXFileReference; lastKnownFileType = file.storyboard; name = Base; path = Base.lproj/Main.storyboard; sourceTree = "<group>"; };
		C6674486193656AA000293D4 /* FirstViewController.h */ = {isa = PBXFileReference; lastKnownFileType = sourcecode.c.h; path = FirstViewController.h; sourceTree = "<group>"; };
		C6674487193656AA000293D4 /* FirstViewController.m */ = {isa = PBXFileReference; lastKnownFileType = sourcecode.c.objc; path = FirstViewController.m; sourceTree = "<group>"; };
		C6674489193656AA000293D4 /* SecondViewController.h */ = {isa = PBXFileReference; lastKnownFileType = sourcecode.c.h; path = SecondViewController.h; sourceTree = "<group>"; };
		C667448A193656AA000293D4 /* SecondViewController.m */ = {isa = PBXFileReference; lastKnownFileType = sourcecode.c.objc; path = SecondViewController.m; sourceTree = "<group>"; };
		C667448C193656AA000293D4 /* Images.xcassets */ = {isa = PBXFileReference; lastKnownFileType = folder.assetcatalog; path = Images.xcassets; sourceTree = "<group>"; };
		C6674492193656AA000293D4 /* Windy HeadTests.xctest */ = {isa = PBXFileReference; explicitFileType = wrapper.cfbundle; includeInIndex = 0; path = "Windy HeadTests.xctest"; sourceTree = BUILT_PRODUCTS_DIR; };
		C6674493193656AA000293D4 /* XCTest.framework */ = {isa = PBXFileReference; lastKnownFileType = wrapper.framework; name = XCTest.framework; path = Library/Frameworks/XCTest.framework; sourceTree = DEVELOPER_DIR; };
		C667449B193656AA000293D4 /* Windy HeadTests-Info.plist */ = {isa = PBXFileReference; lastKnownFileType = text.plist.xml; path = "Windy HeadTests-Info.plist"; sourceTree = "<group>"; };
		C667449D193656AA000293D4 /* en */ = {isa = PBXFileReference; lastKnownFileType = text.plist.strings; name = en; path = en.lproj/InfoPlist.strings; sourceTree = "<group>"; };
		C667449F193656AA000293D4 /* Windy_HeadTests.m */ = {isa = PBXFileReference; lastKnownFileType = sourcecode.c.objc; path = Windy_HeadTests.m; sourceTree = "<group>"; };
/* End PBXFileReference section */

/* Begin PBXFrameworksBuildPhase section */
		C667446B193656AA000293D4 /* Frameworks */ = {
			isa = PBXFrameworksBuildPhase;
			buildActionMask = 2147483647;
			files = (
				C6674474193656AA000293D4 /* CoreGraphics.framework in Frameworks */,
				C6674476193656AA000293D4 /* UIKit.framework in Frameworks */,
				C6674472193656AA000293D4 /* Foundation.framework in Frameworks */,
			);
			runOnlyForDeploymentPostprocessing = 0;
		};
		C667448F193656AA000293D4 /* Frameworks */ = {
			isa = PBXFrameworksBuildPhase;
			buildActionMask = 2147483647;
			files = (
				C6674494193656AA000293D4 /* XCTest.framework in Frameworks */,
				C6674496193656AA000293D4 /* UIKit.framework in Frameworks */,
				C6674495193656AA000293D4 /* Foundation.framework in Frameworks */,
			);
			runOnlyForDeploymentPostprocessing = 0;
		};
/* End PBXFrameworksBuildPhase section */

/* Begin PBXGroup section */
		C6674465193656A9000293D4 = {
			isa = PBXGroup;
			children = (
				C6674477193656AA000293D4 /* Windy Head */,
				C6674499193656AA000293D4 /* Windy HeadTests */,
				C6674470193656AA000293D4 /* Frameworks */,
				C667446F193656AA000293D4 /* Products */,
			);
			sourceTree = "<group>";
		};
		C667446F193656AA000293D4 /* Products */ = {
			isa = PBXGroup;
			children = (
				C667446E193656AA000293D4 /* Windy Head.app */,
				C6674492193656AA000293D4 /* Windy HeadTests.xctest */,
			);
			name = Products;
			sourceTree = "<group>";
		};
		C6674470193656AA000293D4 /* Frameworks */ = {
			isa = PBXGroup;
			children = (
				C6674471193656AA000293D4 /* Foundation.framework */,
				C6674473193656AA000293D4 /* CoreGraphics.framework */,
				C6674475193656AA000293D4 /* UIKit.framework */,
				C6674493193656AA000293D4 /* XCTest.framework */,
			);
			name = Frameworks;
			sourceTree = "<group>";
		};
		C6674477193656AA000293D4 /* Windy Head */ = {
			isa = PBXGroup;
			children = (
				C6674480193656AA000293D4 /* AppDelegate.h */,
				C6674481193656AA000293D4 /* AppDelegate.m */,
				C6674483193656AA000293D4 /* Main.storyboard */,
				C6674486193656AA000293D4 /* FirstViewController.h */,
				C6674487193656AA000293D4 /* FirstViewController.m */,
				C6674489193656AA000293D4 /* SecondViewController.h */,
				C667448A193656AA000293D4 /* SecondViewController.m */,
				C667448C193656AA000293D4 /* Images.xcassets */,
				C6674478193656AA000293D4 /* Supporting Files */,
			);
			path = "Windy Head";
			sourceTree = "<group>";
		};
		C6674478193656AA000293D4 /* Supporting Files */ = {
			isa = PBXGroup;
			children = (
				C6674479193656AA000293D4 /* Windy Head-Info.plist */,
				C667447A193656AA000293D4 /* InfoPlist.strings */,
				C667447D193656AA000293D4 /* main.m */,
				C667447F193656AA000293D4 /* Windy Head-Prefix.pch */,
			);
			name = "Supporting Files";
			sourceTree = "<group>";
		};
		C6674499193656AA000293D4 /* Windy HeadTests */ = {
			isa = PBXGroup;
			children = (
				C667449F193656AA000293D4 /* Windy_HeadTests.m */,
				C667449A193656AA000293D4 /* Supporting Files */,
			);
			path = "Windy HeadTests";
			sourceTree = "<group>";
		};
		C667449A193656AA000293D4 /* Supporting Files */ = {
			isa = PBXGroup;
			children = (
				C667449B193656AA000293D4 /* Windy HeadTests-Info.plist */,
				C667449C193656AA000293D4 /* InfoPlist.strings */,
			);
			name = "Supporting Files";
			sourceTree = "<group>";
		};
/* End PBXGroup section */

/* Begin PBXNativeTarget section */
		C667446D193656AA000293D4 /* Windy Head */ = {
			isa = PBXNativeTarget;
			buildConfigurationList = C66744A3193656AA000293D4 /* Build configuration list for PBXNativeTarget "Windy Head" */;
			buildPhases = (
				C667446A193656AA000293D4 /* Sources */,
				C667446B193656AA000293D4 /* Frameworks */,
				C667446C193656AA000293D4 /* Resources */,
			);
			buildRules = (
			);
			dependencies = (
			);
			name = "Windy Head";
			productName = "Windy Head";
			productReference = C667446E193656AA000293D4 /* Windy Head.app */;
			productType = "com.apple.product-type.application";
		};
		C6674491193656AA000293D4 /* Windy HeadTests */ = {
			isa = PBXNativeTarget;
			buildConfigurationList = C66744A6193656AA000293D4 /* Build configuration list for PBXNativeTarget "Windy HeadTests" */;
			buildPhases = (
				C667448E193656AA000293D4 /* Sources */,
				C667448F193656AA000293D4 /* Frameworks */,
				C6674490193656AA000293D4 /* Resources */,
			);
			buildRules = (
			);
			dependencies = (
				C6674498193656AA000293D4 /* PBXTargetDependency */,
			);
			name = "Windy HeadTests";
			productName = "Windy HeadTests";
			productReference = C6674492193656AA000293D4 /* Windy HeadTests.xctest */;
			productType = "com.apple.product-type.bundle.unit-test";
		};
/* End PBXNativeTarget section */

/* Begin PBXProject section */
		C6674466193656A9000293D4 /* Project object */ = {
			isa = PBXProject;
			attributes = {
				LastUpgradeCheck = 0510;
				ORGANIZATIONNAME = "ISCTE-IUL";
				TargetAttributes = {
					C6674491193656AA000293D4 = {
						TestTargetID = C667446D193656AA000293D4;
					};
				};
			};
			buildConfigurationList = C6674469193656A9000293D4 /* Build configuration list for PBXProject "Windy Head" */;
			compatibilityVersion = "Xcode 3.2";
			developmentRegion = English;
			hasScannedForEncodings = 0;
			knownRegions = (
				en,
				Base,
			);
			mainGroup = C6674465193656A9000293D4;
			productRefGroup = C667446F193656AA000293D4 /* Products */;
			projectDirPath = "";
			projectRoot = "";
			targets = (
				C667446D193656AA000293D4 /* Windy Head */,
				C6674491193656AA000293D4 /* Windy HeadTests */,
			);
		};
/* End PBXProject section */

/* Begin PBXResourcesBuildPhase section */
		C667446C193656AA000293D4 /* Resources */ = {
			isa = PBXResourcesBuildPhase;
			buildActionMask = 2147483647;
			files = (
				C667448D193656AA000293D4 /* Images.xcassets in Resources */,
				C667447C193656AA000293D4 /* InfoPlist.strings in Resources */,
				C6674485193656AA000293D4 /* Main.storyboard in Resources */,
			);
			runOnlyForDeploymentPostprocessing = 0;
		};
		C6674490193656AA000293D4 /* Resources */ = {
			isa = PBXResourcesBuildPhase;
			buildActionMask = 2147483647;
			files = (
				C667449E193656AA000293D4 /* InfoPlist.strings in Resources */,
			);
			runOnlyForDeploymentPostprocessing = 0;
		};
/* End PBXResourcesBuildPhase section */

/* Begin PBXSourcesBuildPhase section */
		C667446A193656AA000293D4 /* Sources */ = {
			isa = PBXSourcesBuildPhase;
			buildActionMask = 2147483647;
			files = (
				C667448B193656AA000293D4 /* SecondViewController.m in Sources */,
				C6674482193656AA000293D4 /* AppDelegate.m in Sources */,
				C6674488193656AA000293D4 /* FirstViewController.m in Sources */,
				C667447E193656AA000293D4 /* main.m in Sources */,
			);
			runOnlyForDeploymentPostprocessing = 0;
		};
		C667448E193656AA000293D4 /* Sources */ = {
			isa = PBXSourcesBuildPhase;
			buildActionMask = 2147483647;
			files = (
				C66744A0193656AA000293D4 /* Windy_HeadTests.m in Sources */,
			);
			runOnlyForDeploymentPostprocessing = 0;
		};
/* End PBXSourcesBuildPhase section */

/* Begin PBXTargetDependency section */
		C6674498193656AA000293D4 /* PBXTargetDependency */ = {
			isa = PBXTargetDependency;
			target = C667446D193656AA000293D4 /* Windy Head */;
			targetProxy = C6674497193656AA000293D4 /* PBXContainerItemProxy */;
		};
/* End PBXTargetDependency section */

/* Begin PBXVariantGroup section */
		C667447A193656AA000293D4 /* InfoPlist.strings */ = {
			isa = PBXVariantGroup;
			children = (
				C667447B193656AA000293D4 /* en */,
			);
			name = InfoPlist.strings;
			sourceTree = "<group>";
		};
		C6674483193656AA000293D4 /* Main.storyboard */ = {
			isa = PBXVariantGroup;
			children = (
				C6674484193656AA000293D4 /* Base */,
			);
			name = Main.storyboard;
			sourceTree = "<group>";
		};
		C667449C193656AA000293D4 /* InfoPlist.strings */ = {
			isa = PBXVariantGroup;
			children = (
				C667449D193656AA000293D4 /* en */,
			);
			name = InfoPlist.strings;
			sourceTree = "<group>";
		};
/* End PBXVariantGroup section */

/* Begin XCBuildConfiguration section */
		C66744A1193656AA000293D4 /* Debug */ = {
			isa = XCBuildConfiguration;
			buildSettings = {
				ALWAYS_SEARCH_USER_PATHS = NO;
				CLANG_CXX_LANGUAGE_STANDARD = "gnu++0x";
				CLANG_CXX_LIBRARY = "libc++";
				CLANG_ENABLE_MODULES = YES;
				CLANG_ENABLE_OBJC_ARC = YES;
				CLANG_WARN_BOOL_CONVERSION = YES;
				CLANG_WARN_CONSTANT_CONVERSION = YES;
				CLANG_WARN_DIRECT_OBJC_ISA_USAGE = YES_ERROR;
				CLANG_WARN_EMPTY_BODY = YES;
				CLANG_WARN_ENUM_CONVERSION = YES;
				CLANG_WARN_INT_CONVERSION = YES;
				CLANG_WARN_OBJC_ROOT_CLASS = YES_ERROR;
				CLANG_WARN__DUPLICATE_METHOD_MATCH = YES;
				"CODE_SIGN_IDENTITY[sdk=iphoneos*]" = "iPhone Developer";
				COPY_PHASE_STRIP = NO;
				GCC_C_LANGUAGE_STANDARD = gnu99;
				GCC_DYNAMIC_NO_PIC = NO;
				GCC_OPTIMIZATION_LEVEL = 0;
				GCC_PREPROCESSOR_DEFINITIONS = (
					"DEBUG=1",
					"$(inherited)",
				);
				GCC_SYMBOLS_PRIVATE_EXTERN = NO;
				GCC_WARN_64_TO_32_BIT_CONVERSION = YES;
				GCC_WARN_ABOUT_RETURN_TYPE = YES_ERROR;
				GCC_WARN_UNDECLARED_SELECTOR = YES;
				GCC_WARN_UNINITIALIZED_AUTOS = YES_AGGRESSIVE;
				GCC_WARN_UNUSED_FUNCTION = YES;
				GCC_WARN_UNUSED_VARIABLE = YES;
				IPHONEOS_DEPLOYMENT_TARGET = 7.1;
				ONLY_ACTIVE_ARCH = YES;
				SDKROOT = iphoneos;
				TARGETED_DEVICE_FAMILY = 2;
			};
			name = Debug;
		};
		C66744A2193656AA000293D4 /* Release */ = {
			isa = XCBuildConfiguration;
			buildSettings = {
				ALWAYS_SEARCH_USER_PATHS = NO;
				CLANG_CXX_LANGUAGE_STANDARD = "gnu++0x";
				CLANG_CXX_LIBRARY = "libc++";
				CLANG_ENABLE_MODULES = YES;
				CLANG_ENABLE_OBJC_ARC = YES;
				CLANG_WARN_BOOL_CONVERSION = YES;
				CLANG_WARN_CONSTANT_CONVERSION = YES;
				CLANG_WARN_DIRECT_OBJC_ISA_USAGE = YES_ERROR;
				CLANG_WARN_EMPTY_BODY = YES;
				CLANG_WARN_ENUM_CONVERSION = YES;
				CLANG_WARN_INT_CONVERSION = YES;
				CLANG_WARN_OBJC_ROOT_CLASS = YES_ERROR;
				CLANG_WARN__DUPLICATE_METHOD_MATCH = YES;
				"CODE_SIGN_IDENTITY[sdk=iphoneos*]" = "iPhone Developer";
				COPY_PHASE_STRIP = YES;
				ENABLE_NS_ASSERTIONS = NO;
				GCC_C_LANGUAGE_STANDARD = gnu99;
				GCC_WARN_64_TO_32_BIT_CONVERSION = YES;
				GCC_WARN_ABOUT_RETURN_TYPE = YES_ERROR;
				GCC_WARN_UNDECLARED_SELECTOR = YES;
				GCC_WARN_UNINITIALIZED_AUTOS = YES_AGGRESSIVE;
				GCC_WARN_UNUSED_FUNCTION = YES;
				GCC_WARN_UNUSED_VARIABLE = YES;
				IPHONEOS_DEPLOYMENT_TARGET = 7.1;
				SDKROOT = iphoneos;
				TARGETED_DEVICE_FAMILY = 2;
				VALIDATE_PRODUCT = YES;
			};
			name = Release;
		};
		C66744A4193656AA000293D4 /* Debug */ = {
			isa = XCBuildConfiguration;
			buildSettings = {
				ASSETCATALOG_COMPILER_APPICON_NAME = AppIcon;
				ASSETCATALOG_COMPILER_LAUNCHIMAGE_NAME = LaunchImage;
				GCC_PRECOMPILE_PREFIX_HEADER = YES;
				GCC_PREFIX_HEADER = "Windy Head/Windy Head-Prefix.pch";
				INFOPLIST_FILE = "Windy Head/Windy Head-Info.plist";
				PRODUCT_NAME = "$(TARGET_NAME)";
				WRAPPER_EXTENSION = app;
			};
			name = Debug;
		};
		C66744A5193656AA000293D4 /* Release */ = {
			isa = XCBuildConfiguration;
			buildSettings = {
				ASSETCATALOG_COMPILER_APPICON_NAME = AppIcon;
				ASSETCATALOG_COMPILER_LAUNCHIMAGE_NAME = LaunchImage;
				GCC_PRECOMPILE_PREFIX_HEADER = YES;
				GCC_PREFIX_HEADER = "Windy Head/Windy Head-Prefix.pch";
				INFOPLIST_FILE = "Windy Head/Windy Head-Info.plist";
				PRODUCT_NAME = "$(TARGET_NAME)";
				WRAPPER_EXTENSION = app;
			};
			name = Release;
		};
		C66744A7193656AA000293D4 /* Debug */ = {
			isa = XCBuildConfiguration;
			buildSettings = {
				BUNDLE_LOADER = "$(BUILT_PRODUCTS_DIR)/Windy Head.app/Windy Head";
				FRAMEWORK_SEARCH_PATHS = (
					"$(SDKROOT)/Developer/Library/Frameworks",
					"$(inherited)",
					"$(DEVELOPER_FRAMEWORKS_DIR)",
				);
				GCC_PRECOMPILE_PREFIX_HEADER = YES;
				GCC_PREFIX_HEADER = "Windy Head/Windy Head-Prefix.pch";
				GCC_PREPROCESSOR_DEFINITIONS = (
					"DEBUG=1",
					"$(inherited)",
				);
				INFOPLIST_FILE = "Windy HeadTests/Windy HeadTests-Info.plist";
				PRODUCT_NAME = "$(TARGET_NAME)";
				TEST_HOST = "$(BUNDLE_LOADER)";
				WRAPPER_EXTENSION = xctest;
			};
			name = Debug;
		};
		C66744A8193656AA000293D4 /* Release */ = {
			isa = XCBuildConfiguration;
			buildSettings = {
				BUNDLE_LOADER = "$(BUILT_PRODUCTS_DIR)/Windy Head.app/Windy Head";
				FRAMEWORK_SEARCH_PATHS = (
					"$(SDKROOT)/Developer/Library/Frameworks",
					"$(inherited)",
					"$(DEVELOPER_FRAMEWORKS_DIR)",
				);
				GCC_PRECOMPILE_PREFIX_HEADER = YES;
				GCC_PREFIX_HEADER = "Windy Head/Windy Head-Prefix.pch";
				INFOPLIST_FILE = "Windy HeadTests/Windy HeadTests-Info.plist";
				PRODUCT_NAME = "$(TARGET_NAME)";
				TEST_HOST = "$(BUNDLE_LOADER)";
				WRAPPER_EXTENSION = xctest;
			};
			name = Release;
		};
/* End XCBuildConfiguration section */

/* Begin XCConfigurationList section */
		C6674469193656A9000293D4 /* Build configuration list for PBXProject "Windy Head" */ = {
			isa = XCConfigurationList;
			buildConfigurations = (
				C66744A1193656AA000293D4 /* Debug */,
				C66744A2193656AA000293D4 /* Release */,
			);
			defaultConfigurationIsVisible = 0;
			defaultConfigurationName = Release;
		};
		C66744A3193656AA000293D4 /* Build configuration list for PBXNativeTarget "Windy Head" */ = {
			isa = XCConfigurationList;
			buildConfigurations = (
				C66744A4193656AA000293D4 /* Debug */,
				C66744A5193656AA000293D4 /* Release */,
			);
			defaultConfigurationIsVisible = 0;
		};
		C66744A6193656AA000293D4 /* Build configuration list for PBXNativeTarget "Windy HeadTests" */ = {
			isa = XCConfigurationList;
			buildConfigurations = (
				C66744A7193656AA000293D4 /* Debug */,
				C66744A8193656AA000293D4 /* Release */,
			);
			defaultConfigurationIsVisible = 0;
		};
/* End XCConfigurationList section */
	};
	rootObject = C6674466193656A9000293D4 /* Project object */;
}
